
Microsoft Visual Studio Solution File, Format Version 12.00
# Visual Studio Version 16
VisualStudioVersion = 16.0.30611.23
MinimumVisualStudioVersion = 10.0.40219.1
Project("{FAE04EC0-301F-11D3-BF4B-00C04F79EFBC}") = "RicardoTipanExamen.Android", "RicardoTipanExamen\RicardoTipanExamen.Android\RicardoTipanExamen.Android.csproj", "{9E6051C5-D404-497C-B2BD-3E8D39EA604A}"
EndProject
Project("{FAE04EC0-301F-11D3-BF4B-00C04F79EFBC}") = "RicardoTipanExamen.iOS", "RicardoTipanExamen\RicardoTipanExamen.iOS\RicardoTipanExamen.iOS.csproj", "{D8D97849-3A7B-4976-BBCD-B06FD1FBED52}"
EndProject
Project("{FAE04EC0-301F-11D3-BF4B-00C04F79EFBC}") = "RicardoTipanExamen", "RicardoTipanExamen\RicardoTipanExamen\RicardoTipanExamen.csproj", "{3F8CF970-EF37-4C7B-A5D7-20960729464D}"
EndProject
Global
	GlobalSection(SolutionConfigurationPlatforms) = preSolution
		Debug|Any CPU = Debug|Any CPU
		Debug|iPhone = Debug|iPhone
		Debug|iPhoneSimulator = Debug|iPhoneSimulator
		Release|Any CPU = Release|Any CPU
		Release|iPhone = Release|iPhone
		Release|iPhoneSimulator = Release|iPhoneSimulator
	EndGlobalSection
	GlobalSection(ProjectConfigurationPlatforms) = postSolution
		{9E6051C5-D404-497C-B2BD-3E8D39EA604A}.Debug|Any CPU.ActiveCfg = Debug|Any CPU
		{9E6051C5-D404-497C-B2BD-3E8D39EA604A}.Debug|Any CPU.Build.0 = Debug|Any CPU
		{9E6051C5-D404-497C-B2BD-3E8D39EA604A}.Debug|Any CPU.Deploy.0 = Debug|Any CPU
		{9E6051C5-D404-497C-B2BD-3E8D39EA604A}.Debug|iPhone.ActiveCfg = Debug|Any CPU
		{9E6051C5-D404-497C-B2BD-3E8D39EA604A}.Debug|iPhone.Build.0 = Debug|Any CPU
		{9E6051C5-D404-497C-B2BD-3E8D39EA604A}.Debug|iPhone.Deploy.0 = Debug|Any CPU
		{9E6051C5-D404-497C-B2BD-3E8D39EA604A}.Debug|iPhoneSimulator.ActiveCfg = Debug|Any CPU
		{9E6051C5-D404-497C-B2BD-3E8D39EA604A}.Debug|iPhoneSimulator.Build.0 = Debug|Any CPU
		{9E6051C5-D404-497C-B2BD-3E8D39EA604A}.Debug|iPhoneSimulator.Deploy.0 = Debug|Any CPU
		{9E6051C5-D404-497C-B2BD-3E8D39EA604A}.Release|Any CPU.ActiveCfg = Release|Any CPU
		{9E6051C5-D404-497C-B2BD-3E8D39EA604A}.Release|Any CPU.Build.0 = Release|Any CPU
		{9E6051C5-D404-497C-B2BD-3E8D39EA604A}.Release|Any CPU.Deploy.0 = Release|Any CPU
		{9E6051C5-D404-497C-B2BD-3E8D39EA604A}.Release|iPhone.ActiveCfg = Release|Any CPU
		{9E6051C5-D404-497C-B2BD-3E8D39EA604A}.Release|iPhone.Build.0 = Release|Any CPU
		{9E6051C5-D404-497C-B2BD-3E8D39EA604A}.Release|iPhone.Deploy.0 = Release|Any CPU
		{9E6051C5-D404-497C-B2BD-3E8D39EA604A}.Release|iPhoneSimulator.ActiveCfg = Release|Any CPU
		{9E6051C5-D404-497C-B2BD-3E8D39EA604A}.Release|iPhoneSimulator.Build.0 = Release|Any CPU
		{9E6051C5-D404-497C-B2BD-3E8D39EA604A}.Release|iPhoneSimulator.Deploy.0 = Release|Any CPU
		{D8D97849-3A7B-4976-BBCD-B06FD1FBED52}.Debug|Any CPU.ActiveCfg = Debug|iPhone
		{D8D97849-3A7B-4976-BBCD-B06FD1FBED52}.Debug|Any CPU.Build.0 = Debug|iPhone
		{D8D97849-3A7B-4976-BBCD-B06FD1FBED52}.Debug|Any CPU.Deploy.0 = Debug|iPhone
		{D8D97849-3A7B-4976-BBCD-B06FD1FBED52}.Debug|iPhone.ActiveCfg = Debug|iPhone
		{D8D97849-3A7B-4976-BBCD-B06FD1FBED52}.Debug|iPhone.Build.0 = Debug|iPhone
		{D8D97849-3A7B-4976-BBCD-B06FD1FBED52}.Debug|iPhone.Deploy.0 = Debug|iPhone
		{D8D97849-3A7B-4976-BBCD-B06FD1FBED52}.Debug|iPhoneSimulator.ActiveCfg = Debug|iPhoneSimulator
		{D8D97849-3A7B-4976-BBCD-B06FD1FBED52}.Debug|iPhoneSimulator.Build.0 = Debug|iPhoneSimulator
		{D8D97849-3A7B-4976-BBCD-B06FD1FBED52}.Debug|iPhoneSimulator.Deploy.0 = Debug|iPhoneSimulator
		{D8D97849-3A7B-4976-BBCD-B06FD1FBED52}.Release|Any CPU.ActiveCfg = Release|iPhoneSimulator
		{D8D97849-3A7B-4976-BBCD-B06FD1FBED52}.Release|Any CPU.Build.0 = Release|iPhoneSimulator
		{D8D97849-3A7B-4976-BBCD-B06FD1FBED52}.Release|Any CPU.Deploy.0 = Release|iPhoneSimulator
		{D8D97849-3A7B-4976-BBCD-B06FD1FBED52}.Release|iPhone.ActiveCfg = Release|iPhone
		{D8D97849-3A7B-4976-BBCD-B06FD1FBED52}.Release|iPhone.Build.0 = Release|iPhone
		{D8D97849-3A7B-4976-BBCD-B06FD1FBED52}.Release|iPhone.Deploy.0 = Release|iPhone
		{D8D97849-3A7B-4976-BBCD-B06FD1FBED52}.Release|iPhoneSimulator.ActiveCfg = Release|iPhoneSimulator
		{D8D97849-3A7B-4976-BBCD-B06FD1FBED52}.Release|iPhoneSimulator.Build.0 = Release|iPhoneSimulator
		{D8D97849-3A7B-4976-BBCD-B06FD1FBED52}.Release|iPhoneSimulator.Deploy.0 = Release|iPhoneSimulator
		{3F8CF970-EF37-4C7B-A5D7-20960729464D}.Debug|Any CPU.ActiveCfg = Debug|Any CPU
		{3F8CF970-EF37-4C7B-A5D7-20960729464D}.Debug|Any CPU.Build.0 = Debug|Any CPU
		{3F8CF970-EF37-4C7B-A5D7-20960729464D}.Debug|Any CPU.Deploy.0 = Debug|Any CPU
		{3F8CF970-EF37-4C7B-A5D7-20960729464D}.Debug|iPhone.ActiveCfg = Debug|Any CPU
		{3F8CF970-EF37-4C7B-A5D7-20960729464D}.Debug|iPhone.Build.0 = Debug|Any CPU
		{3F8CF970-EF37-4C7B-A5D7-20960729464D}.Debug|iPhone.Deploy.0 = Debug|Any CPU
		{3F8CF970-EF37-4C7B-A5D7-20960729464D}.Debug|iPhoneSimulator.ActiveCfg = Debug|Any CPU
		{3F8CF970-EF37-4C7B-A5D7-20960729464D}.Debug|iPhoneSimulator.Build.0 = Debug|Any CPU
		{3F8CF970-EF37-4C7B-A5D7-20960729464D}.Debug|iPhoneSimulator.Deploy.0 = Debug|Any CPU
		{3F8CF970-EF37-4C7B-A5D7-20960729464D}.Release|Any CPU.ActiveCfg = Release|Any CPU
		{3F8CF970-EF37-4C7B-A5D7-20960729464D}.Release|Any CPU.Build.0 = Release|Any CPU
		{3F8CF970-EF37-4C7B-A5D7-20960729464D}.Release|Any CPU.Deploy.0 = Release|Any CPU
		{3F8CF970-EF37-4C7B-A5D7-20960729464D}.Release|iPhone.ActiveCfg = Release|Any CPU
		{3F8CF970-EF37-4C7B-A5D7-20960729464D}.Release|iPhone.Build.0 = Release|Any CPU
		{3F8CF970-EF37-4C7B-A5D7-20960729464D}.Release|iPhone.Deploy.0 = Release|Any CPU
		{3F8CF970-EF37-4C7B-A5D7-20960729464D}.Release|iPhoneSimulator.ActiveCfg = Release|Any CPU
		{3F8CF970-EF37-4C7B-A5D7-20960729464D}.Release|iPhoneSimulator.Build.0 = Release|Any CPU
		{3F8CF970-EF37-4C7B-A5D7-20960729464D}.Release|iPhoneSimulator.Deploy.0 = Release|Any CPU
	EndGlobalSection
	GlobalSection(SolutionProperties) = preSolution
		HideSolutionNode = FALSE
	EndGlobalSection
	GlobalSection(ExtensibilityGlobals) = postSolution
		SolutionGuid = {CC6F1F06-9276-4437-98EA-C46DF65904BB}
	EndGlobalSection
EndGlobal
